
Microsoft Visual Studio Solution File, Format Version 12.00
# Visual Studio 15
VisualStudioVersion = 15.0.26730.10
MinimumVisualStudioVersion = 10.0.40219.1
Project("{FAE04EC0-301F-11D3-BF4B-00C04F79EFBC}") = "Monitor.Web", "Monitor.Web\Monitor.Web.csproj", "{42BBFC78-740B-4E18-B694-18B7A06A9C60}"
EndProject
Project("{2150E333-8FDC-42A3-9474-1A3956D46DE8}") = "999_JQCore", "999_JQCore", "{E347DF10-D1DA-4A45-8C7B-16DE6DE79CB3}"
EndProject
Project("{FAE04EC0-301F-11D3-BF4B-00C04F79EFBC}") = "JQCore", "JQCore\JQCore.csproj", "{605A389E-2FC3-492D-937D-62CCF4EAE2A1}"
EndProject
Project("{FAE04EC0-301F-11D3-BF4B-00C04F79EFBC}") = "JQCore.DataAccess", "JQCore.DataAccess\JQCore.DataAccess.csproj", "{5C893C03-8174-48A4-91A2-F396865EE1C1}"
EndProject
Project("{FAE04EC0-301F-11D3-BF4B-00C04F79EFBC}") = "JQCore.Mvc", "JQCore.Mvc\JQCore.Mvc.csproj", "{2DEA6B57-1549-493F-A588-49419BD3855B}"
EndProject
Project("{2150E333-8FDC-42A3-9474-1A3956D46DE8}") = "5_Infrastructure", "5_Infrastructure", "{D38C6800-7C81-493C-A117-D3C6099581A8}"
EndProject
Project("{2150E333-8FDC-42A3-9474-1A3956D46DE8}") = "5_Constant", "5_Constant", "{4CD13ED2-650D-454E-B29C-F29B1E4A6130}"
EndProject
Project("{2150E333-8FDC-42A3-9474-1A3956D46DE8}") = "4_Trans", "4_Trans", "{F471E292-1716-44A9-8B68-1A15DEA540C2}"
EndProject
Project("{2150E333-8FDC-42A3-9474-1A3956D46DE8}") = "3_Domian", "3_Domian", "{5A37816E-AC26-4B96-9B58-3F5EA108737B}"
EndProject
Project("{2150E333-8FDC-42A3-9474-1A3956D46DE8}") = "2_Application", "2_Application", "{B4220C6A-F3A8-4C90-BA45-523744C72679}"
EndProject
Project("{2150E333-8FDC-42A3-9474-1A3956D46DE8}") = "1_UserInterface", "1_UserInterface", "{443E35C3-8F85-4367-B5E2-B0F313F9C312}"
EndProject
Project("{FAE04EC0-301F-11D3-BF4B-00C04F79EFBC}") = "Monitor.Infrastructure", "Monitor.Infrastructure\Monitor.Infrastructure.csproj", "{04BB4061-58CF-4983-B37E-FB85B00595CA}"
EndProject
Project("{FAE04EC0-301F-11D3-BF4B-00C04F79EFBC}") = "Monitor.Constant", "Monitor.Constant\Monitor.Constant.csproj", "{4B5AF6DB-8604-4423-8C8A-2A58199821E6}"
EndProject
Project("{FAE04EC0-301F-11D3-BF4B-00C04F79EFBC}") = "Monitor.Trans", "Monitor.Trans\Monitor.Trans.csproj", "{6DFFD682-1AE3-4FF3-BE6F-3CEDEB485621}"
EndProject
Project("{FAE04EC0-301F-11D3-BF4B-00C04F79EFBC}") = "Monitor.UnitOfWork", "Monitor.UnitOfWork\Monitor.UnitOfWork.csproj", "{FDF112C7-73CB-4CC7-B76D-AAA8FE748DE7}"
EndProject
Project("{FAE04EC0-301F-11D3-BF4B-00C04F79EFBC}") = "Monitor.Repository", "Monitor.Repository\Monitor.Repository.csproj", "{C9F2F7EC-A1FA-413E-B999-0E5EAE5312FD}"
EndProject
Project("{FAE04EC0-301F-11D3-BF4B-00C04F79EFBC}") = "Monitor.DomainService", "Monitor.DomainService\Monitor.DomainService.csproj", "{1B80D620-13C3-49C0-9D69-294B652B0069}"
EndProject
Project("{FAE04EC0-301F-11D3-BF4B-00C04F79EFBC}") = "Monitor.Domain", "Monitor.Domain\Monitor.Domain.csproj", "{65B2FD69-8535-467B-98E3-091A0CDBE55F}"
EndProject
Project("{FAE04EC0-301F-11D3-BF4B-00C04F79EFBC}") = "Monitor.Cache", "Monitor.Cache\Monitor.Cache.csproj", "{9A396B35-A58B-48DA-ACAC-ABB21D54C7E0}"
EndProject
Project("{FAE04EC0-301F-11D3-BF4B-00C04F79EFBC}") = "Monitor.Application", "Monitor.Application\Monitor.Application.csproj", "{D6F4669B-5577-41D0-9954-49B23D82B424}"
EndProject
Global
	GlobalSection(SolutionConfigurationPlatforms) = preSolution
		Debug|Any CPU = Debug|Any CPU
		Release|Any CPU = Release|Any CPU
	EndGlobalSection
	GlobalSection(ProjectConfigurationPlatforms) = postSolution
		{42BBFC78-740B-4E18-B694-18B7A06A9C60}.Debug|Any CPU.ActiveCfg = Debug|Any CPU
		{42BBFC78-740B-4E18-B694-18B7A06A9C60}.Debug|Any CPU.Build.0 = Debug|Any CPU
		{42BBFC78-740B-4E18-B694-18B7A06A9C60}.Release|Any CPU.ActiveCfg = Release|Any CPU
		{42BBFC78-740B-4E18-B694-18B7A06A9C60}.Release|Any CPU.Build.0 = Release|Any CPU
		{605A389E-2FC3-492D-937D-62CCF4EAE2A1}.Debug|Any CPU.ActiveCfg = Debug|Any CPU
		{605A389E-2FC3-492D-937D-62CCF4EAE2A1}.Debug|Any CPU.Build.0 = Debug|Any CPU
		{605A389E-2FC3-492D-937D-62CCF4EAE2A1}.Release|Any CPU.ActiveCfg = Release|Any CPU
		{605A389E-2FC3-492D-937D-62CCF4EAE2A1}.Release|Any CPU.Build.0 = Release|Any CPU
		{5C893C03-8174-48A4-91A2-F396865EE1C1}.Debug|Any CPU.ActiveCfg = Debug|Any CPU
		{5C893C03-8174-48A4-91A2-F396865EE1C1}.Debug|Any CPU.Build.0 = Debug|Any CPU
		{5C893C03-8174-48A4-91A2-F396865EE1C1}.Release|Any CPU.ActiveCfg = Release|Any CPU
		{5C893C03-8174-48A4-91A2-F396865EE1C1}.Release|Any CPU.Build.0 = Release|Any CPU
		{2DEA6B57-1549-493F-A588-49419BD3855B}.Debug|Any CPU.ActiveCfg = Debug|Any CPU
		{2DEA6B57-1549-493F-A588-49419BD3855B}.Debug|Any CPU.Build.0 = Debug|Any CPU
		{2DEA6B57-1549-493F-A588-49419BD3855B}.Release|Any CPU.ActiveCfg = Release|Any CPU
		{2DEA6B57-1549-493F-A588-49419BD3855B}.Release|Any CPU.Build.0 = Release|Any CPU
		{04BB4061-58CF-4983-B37E-FB85B00595CA}.Debug|Any CPU.ActiveCfg = Debug|Any CPU
		{04BB4061-58CF-4983-B37E-FB85B00595CA}.Debug|Any CPU.Build.0 = Debug|Any CPU
		{04BB4061-58CF-4983-B37E-FB85B00595CA}.Release|Any CPU.ActiveCfg = Release|Any CPU
		{04BB4061-58CF-4983-B37E-FB85B00595CA}.Release|Any CPU.Build.0 = Release|Any CPU
		{4B5AF6DB-8604-4423-8C8A-2A58199821E6}.Debug|Any CPU.ActiveCfg = Debug|Any CPU
		{4B5AF6DB-8604-4423-8C8A-2A58199821E6}.Debug|Any CPU.Build.0 = Debug|Any CPU
		{4B5AF6DB-8604-4423-8C8A-2A58199821E6}.Release|Any CPU.ActiveCfg = Release|Any CPU
		{4B5AF6DB-8604-4423-8C8A-2A58199821E6}.Release|Any CPU.Build.0 = Release|Any CPU
		{6DFFD682-1AE3-4FF3-BE6F-3CEDEB485621}.Debug|Any CPU.ActiveCfg = Debug|Any CPU
		{6DFFD682-1AE3-4FF3-BE6F-3CEDEB485621}.Debug|Any CPU.Build.0 = Debug|Any CPU
		{6DFFD682-1AE3-4FF3-BE6F-3CEDEB485621}.Release|Any CPU.ActiveCfg = Release|Any CPU
		{6DFFD682-1AE3-4FF3-BE6F-3CEDEB485621}.Release|Any CPU.Build.0 = Release|Any CPU
		{FDF112C7-73CB-4CC7-B76D-AAA8FE748DE7}.Debug|Any CPU.ActiveCfg = Debug|Any CPU
		{FDF112C7-73CB-4CC7-B76D-AAA8FE748DE7}.Debug|Any CPU.Build.0 = Debug|Any CPU
		{FDF112C7-73CB-4CC7-B76D-AAA8FE748DE7}.Release|Any CPU.ActiveCfg = Release|Any CPU
		{FDF112C7-73CB-4CC7-B76D-AAA8FE748DE7}.Release|Any CPU.Build.0 = Release|Any CPU
		{C9F2F7EC-A1FA-413E-B999-0E5EAE5312FD}.Debug|Any CPU.ActiveCfg = Debug|Any CPU
		{C9F2F7EC-A1FA-413E-B999-0E5EAE5312FD}.Debug|Any CPU.Build.0 = Debug|Any CPU
		{C9F2F7EC-A1FA-413E-B999-0E5EAE5312FD}.Release|Any CPU.ActiveCfg = Release|Any CPU
		{C9F2F7EC-A1FA-413E-B999-0E5EAE5312FD}.Release|Any CPU.Build.0 = Release|Any CPU
		{1B80D620-13C3-49C0-9D69-294B652B0069}.Debug|Any CPU.ActiveCfg = Debug|Any CPU
		{1B80D620-13C3-49C0-9D69-294B652B0069}.Debug|Any CPU.Build.0 = Debug|Any CPU
		{1B80D620-13C3-49C0-9D69-294B652B0069}.Release|Any CPU.ActiveCfg = Release|Any CPU
		{1B80D620-13C3-49C0-9D69-294B652B0069}.Release|Any CPU.Build.0 = Release|Any CPU
		{65B2FD69-8535-467B-98E3-091A0CDBE55F}.Debug|Any CPU.ActiveCfg = Debug|Any CPU
		{65B2FD69-8535-467B-98E3-091A0CDBE55F}.Debug|Any CPU.Build.0 = Debug|Any CPU
		{65B2FD69-8535-467B-98E3-091A0CDBE55F}.Release|Any CPU.ActiveCfg = Release|Any CPU
		{65B2FD69-8535-467B-98E3-091A0CDBE55F}.Release|Any CPU.Build.0 = Release|Any CPU
		{9A396B35-A58B-48DA-ACAC-ABB21D54C7E0}.Debug|Any CPU.ActiveCfg = Debug|Any CPU
		{9A396B35-A58B-48DA-ACAC-ABB21D54C7E0}.Debug|Any CPU.Build.0 = Debug|Any CPU
		{9A396B35-A58B-48DA-ACAC-ABB21D54C7E0}.Release|Any CPU.ActiveCfg = Release|Any CPU
		{9A396B35-A58B-48DA-ACAC-ABB21D54C7E0}.Release|Any CPU.Build.0 = Release|Any CPU
		{D6F4669B-5577-41D0-9954-49B23D82B424}.Debug|Any CPU.ActiveCfg = Debug|Any CPU
		{D6F4669B-5577-41D0-9954-49B23D82B424}.Debug|Any CPU.Build.0 = Debug|Any CPU
		{D6F4669B-5577-41D0-9954-49B23D82B424}.Release|Any CPU.ActiveCfg = Release|Any CPU
		{D6F4669B-5577-41D0-9954-49B23D82B424}.Release|Any CPU.Build.0 = Release|Any CPU
	EndGlobalSection
	GlobalSection(SolutionProperties) = preSolution
		HideSolutionNode = FALSE
	EndGlobalSection
	GlobalSection(NestedProjects) = preSolution
		{42BBFC78-740B-4E18-B694-18B7A06A9C60} = {443E35C3-8F85-4367-B5E2-B0F313F9C312}
		{605A389E-2FC3-492D-937D-62CCF4EAE2A1} = {E347DF10-D1DA-4A45-8C7B-16DE6DE79CB3}
		{5C893C03-8174-48A4-91A2-F396865EE1C1} = {E347DF10-D1DA-4A45-8C7B-16DE6DE79CB3}
		{2DEA6B57-1549-493F-A588-49419BD3855B} = {E347DF10-D1DA-4A45-8C7B-16DE6DE79CB3}
		{04BB4061-58CF-4983-B37E-FB85B00595CA} = {D38C6800-7C81-493C-A117-D3C6099581A8}
		{4B5AF6DB-8604-4423-8C8A-2A58199821E6} = {4CD13ED2-650D-454E-B29C-F29B1E4A6130}
		{6DFFD682-1AE3-4FF3-BE6F-3CEDEB485621} = {F471E292-1716-44A9-8B68-1A15DEA540C2}
		{FDF112C7-73CB-4CC7-B76D-AAA8FE748DE7} = {5A37816E-AC26-4B96-9B58-3F5EA108737B}
		{C9F2F7EC-A1FA-413E-B999-0E5EAE5312FD} = {5A37816E-AC26-4B96-9B58-3F5EA108737B}
		{1B80D620-13C3-49C0-9D69-294B652B0069} = {5A37816E-AC26-4B96-9B58-3F5EA108737B}
		{65B2FD69-8535-467B-98E3-091A0CDBE55F} = {5A37816E-AC26-4B96-9B58-3F5EA108737B}
		{9A396B35-A58B-48DA-ACAC-ABB21D54C7E0} = {5A37816E-AC26-4B96-9B58-3F5EA108737B}
		{D6F4669B-5577-41D0-9954-49B23D82B424} = {B4220C6A-F3A8-4C90-BA45-523744C72679}
	EndGlobalSection
	GlobalSection(ExtensibilityGlobals) = postSolution
		SolutionGuid = {91341587-871F-40E9-9438-5329D67D95B8}
	EndGlobalSection
EndGlobal
